
Microsoft Visual Studio Solution File, Format Version 12.00
# Visual Studio Version 17
VisualStudioVersion = 17.0.32126.317
MinimumVisualStudioVersion = 10.0.40219.1
Project("{FAE04EC0-301F-11D3-BF4B-00C04F79EFBC}") = "viewer", "viewer\viewer.csproj", "{DFB4CCA6-7F73-425C-9D43-FD34B830C697}"
EndProject
Global
	GlobalSection(SolutionConfigurationPlatforms) = preSolution
		Debug|Any CPU = Debug|Any CPU
		Release|Any CPU = Release|Any CPU
	EndGlobalSection
	GlobalSection(ProjectConfigurationPlatforms) = postSolution
		{DFB4CCA6-7F73-425C-9D43-FD34B830C697}.Debug|Any CPU.ActiveCfg = Debug|Any CPU
		{DFB4CCA6-7F73-425C-9D43-FD34B830C697}.Debug|Any CPU.Build.0 = Debug|Any CPU
		{DFB4CCA6-7F73-425C-9D43-FD34B830C697}.Release|Any CPU.ActiveCfg = Release|Any CPU
		{DFB4CCA6-7F73-425C-9D43-FD34B830C697}.Release|Any CPU.Build.0 = Release|Any CPU
	EndGlobalSection
	GlobalSection(SolutionProperties) = preSolution
		HideSolutionNode = FALSE
	EndGlobalSection
	GlobalSection(ExtensibilityGlobals) = postSolution
		SolutionGuid = {0957854B-F8B3-4228-9B40-8AF6F841FB02}
	EndGlobalSection
EndGlobal
